
Microsoft Visual Studio Solution File, Format Version 12.00
# Visual Studio 15
VisualStudioVersion = 15.0.27428.2005
MinimumVisualStudioVersion = 10.0.40219.1
Project("{A07B5EB6-E848-4116-A8D0-A826331D98C6}") = "ServiceFabricTransactionManager", "ServiceFabricTransactionManager\ServiceFabricTransactionManager.sfproj", "{BCE5311F-4CE4-4656-819E-1BAD23CFF250}"
EndProject
Project("{FAE04EC0-301F-11D3-BF4B-00C04F79EFBC}") = "TransactionManager", "TransactionManager\TransactionManager.csproj", "{0E4FF6E3-ADF3-4F81-BE4E-51B89B5C5312}"
EndProject
Project("{FAE04EC0-301F-11D3-BF4B-00C04F79EFBC}") = "TransactionManager.Interfaces", "TransactionManager.Interfaces\TransactionManager.Interfaces.csproj", "{9B6900FF-41A9-49D5-A6D4-37B0881DFD30}"
EndProject
Project("{FAE04EC0-301F-11D3-BF4B-00C04F79EFBC}") = "TransactionActorSample", "TransactionActorSample\TransactionActorSample.csproj", "{C5C2F8F6-9297-4ECD-8798-481CD0111E4A}"
EndProject
Project("{FAE04EC0-301F-11D3-BF4B-00C04F79EFBC}") = "TransactionActorSample.Interfaces", "TransactionActorSample.Interfaces\TransactionActorSample.Interfaces.csproj", "{9C596195-8F40-41ED-971E-0640CC088F52}"
EndProject
Project("{FAE04EC0-301F-11D3-BF4B-00C04F79EFBC}") = "TransactionManager.Interface.NetFramework", "TransactionManager.Interface.NetFramework\TransactionManager.Interface.NetFramework.csproj", "{6367A233-0FA8-46DE-A962-9AD9127CFFE5}"
EndProject
Project("{FAE04EC0-301F-11D3-BF4B-00C04F79EFBC}") = "TransactionManager.Interface.NetCore", "TransactionManager.Interface.NetCore\TransactionManager.Interface.NetCore.csproj", "{922F98FE-7818-4FFA-9956-A17ED3CF36A6}"
EndProject
Global
	GlobalSection(SolutionConfigurationPlatforms) = preSolution
		Debug|Any CPU = Debug|Any CPU
		Debug|x64 = Debug|x64
		Release|Any CPU = Release|Any CPU
		Release|x64 = Release|x64
	EndGlobalSection
	GlobalSection(ProjectConfigurationPlatforms) = postSolution
		{BCE5311F-4CE4-4656-819E-1BAD23CFF250}.Debug|Any CPU.ActiveCfg = Debug|x64
		{BCE5311F-4CE4-4656-819E-1BAD23CFF250}.Debug|x64.ActiveCfg = Debug|x64
		{BCE5311F-4CE4-4656-819E-1BAD23CFF250}.Debug|x64.Build.0 = Debug|x64
		{BCE5311F-4CE4-4656-819E-1BAD23CFF250}.Debug|x64.Deploy.0 = Debug|x64
		{BCE5311F-4CE4-4656-819E-1BAD23CFF250}.Release|Any CPU.ActiveCfg = Release|x64
		{BCE5311F-4CE4-4656-819E-1BAD23CFF250}.Release|x64.ActiveCfg = Release|x64
		{BCE5311F-4CE4-4656-819E-1BAD23CFF250}.Release|x64.Build.0 = Release|x64
		{BCE5311F-4CE4-4656-819E-1BAD23CFF250}.Release|x64.Deploy.0 = Release|x64
		{0E4FF6E3-ADF3-4F81-BE4E-51B89B5C5312}.Debug|Any CPU.ActiveCfg = Debug|Any CPU
		{0E4FF6E3-ADF3-4F81-BE4E-51B89B5C5312}.Debug|Any CPU.Build.0 = Debug|Any CPU
		{0E4FF6E3-ADF3-4F81-BE4E-51B89B5C5312}.Debug|x64.ActiveCfg = Debug|Any CPU
		{0E4FF6E3-ADF3-4F81-BE4E-51B89B5C5312}.Debug|x64.Build.0 = Debug|Any CPU
		{0E4FF6E3-ADF3-4F81-BE4E-51B89B5C5312}.Release|Any CPU.ActiveCfg = Release|Any CPU
		{0E4FF6E3-ADF3-4F81-BE4E-51B89B5C5312}.Release|Any CPU.Build.0 = Release|Any CPU
		{0E4FF6E3-ADF3-4F81-BE4E-51B89B5C5312}.Release|x64.ActiveCfg = Release|Any CPU
		{0E4FF6E3-ADF3-4F81-BE4E-51B89B5C5312}.Release|x64.Build.0 = Release|Any CPU
		{9B6900FF-41A9-49D5-A6D4-37B0881DFD30}.Debug|Any CPU.ActiveCfg = Debug|Any CPU
		{9B6900FF-41A9-49D5-A6D4-37B0881DFD30}.Debug|Any CPU.Build.0 = Debug|Any CPU
		{9B6900FF-41A9-49D5-A6D4-37B0881DFD30}.Debug|x64.ActiveCfg = Debug|Any CPU
		{9B6900FF-41A9-49D5-A6D4-37B0881DFD30}.Debug|x64.Build.0 = Debug|Any CPU
		{9B6900FF-41A9-49D5-A6D4-37B0881DFD30}.Release|Any CPU.ActiveCfg = Release|Any CPU
		{9B6900FF-41A9-49D5-A6D4-37B0881DFD30}.Release|Any CPU.Build.0 = Release|Any CPU
		{9B6900FF-41A9-49D5-A6D4-37B0881DFD30}.Release|x64.ActiveCfg = Release|Any CPU
		{9B6900FF-41A9-49D5-A6D4-37B0881DFD30}.Release|x64.Build.0 = Release|Any CPU
		{C5C2F8F6-9297-4ECD-8798-481CD0111E4A}.Debug|Any CPU.ActiveCfg = Debug|Any CPU
		{C5C2F8F6-9297-4ECD-8798-481CD0111E4A}.Debug|Any CPU.Build.0 = Debug|Any CPU
		{C5C2F8F6-9297-4ECD-8798-481CD0111E4A}.Debug|x64.ActiveCfg = Debug|Any CPU
		{C5C2F8F6-9297-4ECD-8798-481CD0111E4A}.Debug|x64.Build.0 = Debug|Any CPU
		{C5C2F8F6-9297-4ECD-8798-481CD0111E4A}.Release|Any CPU.ActiveCfg = Release|Any CPU
		{C5C2F8F6-9297-4ECD-8798-481CD0111E4A}.Release|Any CPU.Build.0 = Release|Any CPU
		{C5C2F8F6-9297-4ECD-8798-481CD0111E4A}.Release|x64.ActiveCfg = Release|Any CPU
		{C5C2F8F6-9297-4ECD-8798-481CD0111E4A}.Release|x64.Build.0 = Release|Any CPU
		{9C596195-8F40-41ED-971E-0640CC088F52}.Debug|Any CPU.ActiveCfg = Debug|Any CPU
		{9C596195-8F40-41ED-971E-0640CC088F52}.Debug|Any CPU.Build.0 = Debug|Any CPU
		{9C596195-8F40-41ED-971E-0640CC088F52}.Debug|x64.ActiveCfg = Debug|Any CPU
		{9C596195-8F40-41ED-971E-0640CC088F52}.Debug|x64.Build.0 = Debug|Any CPU
		{9C596195-8F40-41ED-971E-0640CC088F52}.Release|Any CPU.ActiveCfg = Release|Any CPU
		{9C596195-8F40-41ED-971E-0640CC088F52}.Release|Any CPU.Build.0 = Release|Any CPU
		{9C596195-8F40-41ED-971E-0640CC088F52}.Release|x64.ActiveCfg = Release|Any CPU
		{9C596195-8F40-41ED-971E-0640CC088F52}.Release|x64.Build.0 = Release|Any CPU
		{6367A233-0FA8-46DE-A962-9AD9127CFFE5}.Debug|Any CPU.ActiveCfg = Debug|Any CPU
		{6367A233-0FA8-46DE-A962-9AD9127CFFE5}.Debug|Any CPU.Build.0 = Debug|Any CPU
		{6367A233-0FA8-46DE-A962-9AD9127CFFE5}.Debug|x64.ActiveCfg = Debug|Any CPU
		{6367A233-0FA8-46DE-A962-9AD9127CFFE5}.Debug|x64.Build.0 = Debug|Any CPU
		{6367A233-0FA8-46DE-A962-9AD9127CFFE5}.Release|Any CPU.ActiveCfg = Release|Any CPU
		{6367A233-0FA8-46DE-A962-9AD9127CFFE5}.Release|Any CPU.Build.0 = Release|Any CPU
		{6367A233-0FA8-46DE-A962-9AD9127CFFE5}.Release|x64.ActiveCfg = Release|Any CPU
		{6367A233-0FA8-46DE-A962-9AD9127CFFE5}.Release|x64.Build.0 = Release|Any CPU
		{922F98FE-7818-4FFA-9956-A17ED3CF36A6}.Debug|Any CPU.ActiveCfg = Debug|Any CPU
		{922F98FE-7818-4FFA-9956-A17ED3CF36A6}.Debug|Any CPU.Build.0 = Debug|Any CPU
		{922F98FE-7818-4FFA-9956-A17ED3CF36A6}.Debug|x64.ActiveCfg = Debug|Any CPU
		{922F98FE-7818-4FFA-9956-A17ED3CF36A6}.Debug|x64.Build.0 = Debug|Any CPU
		{922F98FE-7818-4FFA-9956-A17ED3CF36A6}.Release|Any CPU.ActiveCfg = Release|Any CPU
		{922F98FE-7818-4FFA-9956-A17ED3CF36A6}.Release|Any CPU.Build.0 = Release|Any CPU
		{922F98FE-7818-4FFA-9956-A17ED3CF36A6}.Release|x64.ActiveCfg = Release|Any CPU
		{922F98FE-7818-4FFA-9956-A17ED3CF36A6}.Release|x64.Build.0 = Release|Any CPU
	EndGlobalSection
	GlobalSection(SolutionProperties) = preSolution
		HideSolutionNode = FALSE
	EndGlobalSection
	GlobalSection(ExtensibilityGlobals) = postSolution
		SolutionGuid = {BCB21D1F-4BAB-456E-BCBB-16F80EFC3C76}
	EndGlobalSection
EndGlobal
